
Microsoft Visual Studio Solution File, Format Version 12.00
# Visual Studio 15
VisualStudioVersion = 15.0.27130.2027
MinimumVisualStudioVersion = 10.0.40219.1
Project("{FAE04EC0-301F-11D3-BF4B-00C04F79EFBC}") = "Cafe_Database", "Cafe_Database\Cafe_Database.csproj", "{8F6FDB03-A079-4C59-8BB4-2E39A12DAC07}"
EndProject
Global
	GlobalSection(SolutionConfigurationPlatforms) = preSolution
		Debug|Any CPU = Debug|Any CPU
		Release|Any CPU = Release|Any CPU
	EndGlobalSection
	GlobalSection(ProjectConfigurationPlatforms) = postSolution
		{8F6FDB03-A079-4C59-8BB4-2E39A12DAC07}.Debug|Any CPU.ActiveCfg = Debug|Any CPU
		{8F6FDB03-A079-4C59-8BB4-2E39A12DAC07}.Debug|Any CPU.Build.0 = Debug|Any CPU
		{8F6FDB03-A079-4C59-8BB4-2E39A12DAC07}.Release|Any CPU.ActiveCfg = Release|Any CPU
		{8F6FDB03-A079-4C59-8BB4-2E39A12DAC07}.Release|Any CPU.Build.0 = Release|Any CPU
	EndGlobalSection
	GlobalSection(SolutionProperties) = preSolution
		HideSolutionNode = FALSE
	EndGlobalSection
	GlobalSection(ExtensibilityGlobals) = postSolution
		SolutionGuid = {CE66DD07-ACD4-43CB-8E47-A9B07E1C3514}
	EndGlobalSection
EndGlobal
